# THIS IS AN AUTOGENERATED FILE. DO NOT EDIT THIS FILE DIRECTLY.
# yarn lockfile v1


"@enonic-types/core@7.11.3":
  version "7.11.3"
  resolved "https://registry.npmjs.org/@enonic-types/core/-/core-7.11.3.tgz"
  integrity sha512-RMoLwN5JnZ6W3/jG5ApuvFxk4xqvHYk/UOjBz2hFm2PcqbDt47Lic/gy1yGuUcx3N2O520Y6qYpSq6n6dCsskA==

"@enonic-types/lib-content@^7":
  version "7.11.3"
  resolved "https://registry.npmjs.org/@enonic-types/lib-content/-/lib-content-7.11.3.tgz"
  integrity sha512-0JEznDWZd/WWPFT0liXtkxaK+RY6oKVYBw+S0T0Xn8T3A7coer18cDhq6LUrAgvxvEnA4XdmC7XX9ubELjut2Q==
  dependencies:
    "@enonic-types/core" "7.11.3"

balanced-match@^1.0.0:
  version "1.0.2"
  resolved "https://registry.npmjs.org/balanced-match/-/balanced-match-1.0.2.tgz"
  integrity sha512-3oSeUO0TMV67hN1AmbXsK4yaqU7tjiHlbxRDZOpH0KW9+CeX4bRAaX0Anxt0tx2MrpRpWwQaPwIlISEJhYU5Pw==

brace-expansion@^2.0.1:
  version "2.0.1"
  resolved "https://registry.npmjs.org/brace-expansion/-/brace-expansion-2.0.1.tgz"
  integrity sha512-XnAIvQ8eM+kC6aULx6wuQiwVsnzsi9d3WxzV3FpWTGA19F621kwdbsAcFKXgKUHZWsy+mY6iL1sHTxWEFCytDA==
  dependencies:
    balanced-match "^1.0.0"

fs.realpath@^1.0.0:
  version "1.0.0"
  resolved "https://registry.npmjs.org/fs.realpath/-/fs.realpath-1.0.0.tgz"
  integrity sha512-OO0pH2lK6a0hZnAdau5ItzHPI6pUlvI7jMVnxUQRtw4owF2wk8lOSabtGDCTP4Ggrg2MbGnWO9X8K1t4+fGMDw==

glob@^9.2.0:
  version "9.2.1"
  resolved "https://registry.npmjs.org/glob/-/glob-9.2.1.tgz"
  integrity sha512-Pxxgq3W0HyA3XUvSXcFhRSs+43Jsx0ddxcFrbjxNGkL2Ak5BAUBxLqI5G6ADDeCHLfzzXFhe0b1yYcctGmytMA==
  dependencies:
    fs.realpath "^1.0.0"
    minimatch "^7.4.1"
    minipass "^4.2.4"
    path-scurry "^1.6.1"

lru-cache@^7.14.1:
  version "7.18.3"
  resolved "https://registry.npmjs.org/lru-cache/-/lru-cache-7.18.3.tgz"
  integrity sha512-jumlc0BIUrS3qJGgIkWZsyfAM7NCWiBcCDhnd+3NNM5KbBmLTgHVfWBcg6W+rLUsIpzpERPsvwUP7CckAQSOoA==

minimatch@^7.4.1:
  version "7.4.2"
  resolved "https://registry.npmjs.org/minimatch/-/minimatch-7.4.2.tgz"
  integrity sha512-xy4q7wou3vUoC9k1xGTXc+awNdGaGVHtFUaey8tiX4H1QRc04DZ/rmDFwNm2EBsuYEhAZ6SgMmYf3InGY6OauA==
  dependencies:
    brace-expansion "^2.0.1"

minipass@^4.0.2, minipass@^4.2.4:
  version "4.2.4"
  resolved "https://registry.npmjs.org/minipass/-/minipass-4.2.4.tgz"
  integrity sha512-lwycX3cBMTvcejsHITUgYj6Gy6A7Nh4Q6h9NP4sTHY1ccJlC7yKzDmiShEHsJ16Jf1nKGDEaiHxiltsJEvk0nQ==

path-scurry@^1.6.1:
  version "1.6.1"
  resolved "https://registry.npmjs.org/path-scurry/-/path-scurry-1.6.1.tgz"
  integrity sha512-OW+5s+7cw6253Q4E+8qQ/u1fVvcJQCJo/VFD8pje+dbJCF1n5ZRMV2AEHbGp+5Q7jxQIYJxkHopnj6nzdGeZLA==
  dependencies:
    lru-cache "^7.14.1"
    minipass "^4.0.2"

rimraf@^4:
  version "4.3.1"
  resolved "https://registry.npmjs.org/rimraf/-/rimraf-4.3.1.tgz"
  integrity sha512-GfHJHBzFQra23IxDzIdBqhOWfbtdgS1/dCHrDy+yvhpoJY5TdwdT28oWaHWfRpKFDLd3GZnGTx6Mlt4+anbsxQ==
  dependencies:
    glob "^9.2.0"

tslib@^2:
  version "2.5.0"
  resolved "https://registry.npmjs.org/tslib/-/tslib-2.5.0.tgz"
  integrity sha512-336iVw3rtn2BUK7ORdIAHTyxHGRIHVReokCR3XjbckJMK7ms8FysBfhLR8IXnAgy7T0PTPNBWKiH514FOW/WSg==

typescript@^4:
  version "4.9.5"
  resolved "https://registry.npmjs.org/typescript/-/typescript-4.9.5.tgz"
  integrity sha512-1FXk9E2Hm+QzZQ7z+McJiHL4NW1F2EzMu9Nq9i3zAaGqibafqYwCVU6WyWAuyQRRzOlxou8xZSyXLEN8oKj24g==
